// !$*UTF8*$!
{
	archiveVersion = 1;
	classes = {
	};
	objectVersion = 50;
	objects = {

/* Begin PBXBuildFile section */
		1922A6F026BC3D7300A03CC0 /* ConnectViewController.swift in Sources */ = {isa = PBXBuildFile; fileRef = 1922A6EF26BC3D7300A03CC0 /* ConnectViewController.swift */; };
		1922A6F226BC3DB500A03CC0 /* RelaxViewController.swift in Sources */ = {isa = PBXBuildFile; fileRef = 1922A6F126BC3DB500A03CC0 /* RelaxViewController.swift */; };
		1922A6F426BC3DE900A03CC0 /* LearnViewController.swift in Sources */ = {isa = PBXBuildFile; fileRef = 1922A6F326BC3DE900A03CC0 /* LearnViewController.swift */; };
		1940F27E26BB65500099C0A4 /* LearnFirstViewController.swift in Sources */ = {isa = PBXBuildFile; fileRef = 1940F27D26BB65500099C0A4 /* LearnFirstViewController.swift */; };
		1940F28026BB659A0099C0A4 /* LearnSecondViewController.swift in Sources */ = {isa = PBXBuildFile; fileRef = 1940F27F26BB659A0099C0A4 /* LearnSecondViewController.swift */; };
		1940F28226BB65B10099C0A4 /* LearnThirdViewController.swift in Sources */ = {isa = PBXBuildFile; fileRef = 1940F28126BB65B10099C0A4 /* LearnThirdViewController.swift */; };
		1940F28426BB65C60099C0A4 /* LearnFourthViewController.swift in Sources */ = {isa = PBXBuildFile; fileRef = 1940F28326BB65C60099C0A4 /* LearnFourthViewController.swift */; };
		1940F28626BB65DC0099C0A4 /* LearnFifthViewController.swift in Sources */ = {isa = PBXBuildFile; fileRef = 1940F28526BB65DC0099C0A4 /* LearnFifthViewController.swift */; };
		D399F09226B9CA4D00F852D6 /* AppDelegate.swift in Sources */ = {isa = PBXBuildFile; fileRef = D399F09126B9CA4D00F852D6 /* AppDelegate.swift */; };
		D399F09426B9CA4D00F852D6 /* SceneDelegate.swift in Sources */ = {isa = PBXBuildFile; fileRef = D399F09326B9CA4D00F852D6 /* SceneDelegate.swift */; };
		D399F09626B9CA4D00F852D6 /* ViewController.swift in Sources */ = {isa = PBXBuildFile; fileRef = D399F09526B9CA4D00F852D6 /* ViewController.swift */; };
		D399F09926B9CA4D00F852D6 /* Main.storyboard in Resources */ = {isa = PBXBuildFile; fileRef = D399F09726B9CA4D00F852D6 /* Main.storyboard */; };
		D399F09C26B9CA4D00F852D6 /* KWKfinalAPP.xcdatamodeld in Sources */ = {isa = PBXBuildFile; fileRef = D399F09A26B9CA4D00F852D6 /* KWKfinalAPP.xcdatamodeld */; };
		D399F09E26B9CA5000F852D6 /* Assets.xcassets in Resources */ = {isa = PBXBuildFile; fileRef = D399F09D26B9CA5000F852D6 /* Assets.xcassets */; };
		D399F0A126B9CA5000F852D6 /* LaunchScreen.storyboard in Resources */ = {isa = PBXBuildFile; fileRef = D399F09F26B9CA5000F852D6 /* LaunchScreen.storyboard */; };
		D399F0AC26B9CA5000F852D6 /* KWKfinalAPPTests.swift in Sources */ = {isa = PBXBuildFile; fileRef = D399F0AB26B9CA5000F852D6 /* KWKfinalAPPTests.swift */; };
		D399F0B726B9CA5100F852D6 /* KWKfinalAPPUITests.swift in Sources */ = {isa = PBXBuildFile; fileRef = D399F0B626B9CA5100F852D6 /* KWKfinalAPPUITests.swift */; };
/* End PBXBuildFile section */

/* Begin PBXContainerItemProxy section */
		D399F0A826B9CA5000F852D6 /* PBXContainerItemProxy */ = {
			isa = PBXContainerItemProxy;
			containerPortal = D399F08626B9CA4D00F852D6 /* Project object */;
			proxyType = 1;
			remoteGlobalIDString = D399F08D26B9CA4D00F852D6;
			remoteInfo = KWKfinalAPP;
		};
		D399F0B326B9CA5100F852D6 /* PBXContainerItemProxy */ = {
			isa = PBXContainerItemProxy;
			containerPortal = D399F08626B9CA4D00F852D6 /* Project object */;
			proxyType = 1;
			remoteGlobalIDString = D399F08D26B9CA4D00F852D6;
			remoteInfo = KWKfinalAPP;
		};
/* End PBXContainerItemProxy section */

/* Begin PBXFileReference section */
		1922A6EF26BC3D7300A03CC0 /* ConnectViewController.swift */ = {isa = PBXFileReference; lastKnownFileType = sourcecode.swift; path = ConnectViewController.swift; sourceTree = "<group>"; };
		1922A6F126BC3DB500A03CC0 /* RelaxViewController.swift */ = {isa = PBXFileReference; lastKnownFileType = sourcecode.swift; path = RelaxViewController.swift; sourceTree = "<group>"; };
		1922A6F326BC3DE900A03CC0 /* LearnViewController.swift */ = {isa = PBXFileReference; lastKnownFileType = sourcecode.swift; path = LearnViewController.swift; sourceTree = "<group>"; };
		1940F27D26BB65500099C0A4 /* LearnFirstViewController.swift */ = {isa = PBXFileReference; lastKnownFileType = sourcecode.swift; path = LearnFirstViewController.swift; sourceTree = "<group>"; };
		1940F27F26BB659A0099C0A4 /* LearnSecondViewController.swift */ = {isa = PBXFileReference; lastKnownFileType = sourcecode.swift; path = LearnSecondViewController.swift; sourceTree = "<group>"; };
		1940F28126BB65B10099C0A4 /* LearnThirdViewController.swift */ = {isa = PBXFileReference; lastKnownFileType = sourcecode.swift; path = LearnThirdViewController.swift; sourceTree = "<group>"; };
		1940F28326BB65C60099C0A4 /* LearnFourthViewController.swift */ = {isa = PBXFileReference; lastKnownFileType = sourcecode.swift; path = LearnFourthViewController.swift; sourceTree = "<group>"; };
		1940F28526BB65DC0099C0A4 /* LearnFifthViewController.swift */ = {isa = PBXFileReference; lastKnownFileType = sourcecode.swift; path = LearnFifthViewController.swift; sourceTree = "<group>"; };
		D399F08E26B9CA4D00F852D6 /* KWKfinalAPP.app */ = {isa = PBXFileReference; explicitFileType = wrapper.application; includeInIndex = 0; path = KWKfinalAPP.app; sourceTree = BUILT_PRODUCTS_DIR; };
		D399F09126B9CA4D00F852D6 /* AppDelegate.swift */ = {isa = PBXFileReference; lastKnownFileType = sourcecode.swift; path = AppDelegate.swift; sourceTree = "<group>"; };
		D399F09326B9CA4D00F852D6 /* SceneDelegate.swift */ = {isa = PBXFileReference; lastKnownFileType = sourcecode.swift; path = SceneDelegate.swift; sourceTree = "<group>"; };
		D399F09526B9CA4D00F852D6 /* ViewController.swift */ = {isa = PBXFileReference; lastKnownFileType = sourcecode.swift; path = ViewController.swift; sourceTree = "<group>"; };
		D399F09826B9CA4D00F852D6 /* Base */ = {isa = PBXFileReference; lastKnownFileType = file.storyboard; name = Base; path = Base.lproj/Main.storyboard; sourceTree = "<group>"; };
		D399F09B26B9CA4D00F852D6 /* KWKfinalAPP.xcdatamodel */ = {isa = PBXFileReference; lastKnownFileType = wrapper.xcdatamodel; path = KWKfinalAPP.xcdatamodel; sourceTree = "<group>"; };
		D399F09D26B9CA5000F852D6 /* Assets.xcassets */ = {isa = PBXFileReference; lastKnownFileType = folder.assetcatalog; path = Assets.xcassets; sourceTree = "<group>"; };
		D399F0A026B9CA5000F852D6 /* Base */ = {isa = PBXFileReference; lastKnownFileType = file.storyboard; name = Base; path = Base.lproj/LaunchScreen.storyboard; sourceTree = "<group>"; };
		D399F0A226B9CA5000F852D6 /* Info.plist */ = {isa = PBXFileReference; lastKnownFileType = text.plist.xml; path = Info.plist; sourceTree = "<group>"; };
		D399F0A726B9CA5000F852D6 /* KWKfinalAPPTests.xctest */ = {isa = PBXFileReference; explicitFileType = wrapper.cfbundle; includeInIndex = 0; path = KWKfinalAPPTests.xctest; sourceTree = BUILT_PRODUCTS_DIR; };
		D399F0AB26B9CA5000F852D6 /* KWKfinalAPPTests.swift */ = {isa = PBXFileReference; lastKnownFileType = sourcecode.swift; path = KWKfinalAPPTests.swift; sourceTree = "<group>"; };
		D399F0AD26B9CA5000F852D6 /* Info.plist */ = {isa = PBXFileReference; lastKnownFileType = text.plist.xml; path = Info.plist; sourceTree = "<group>"; };
		D399F0B226B9CA5100F852D6 /* KWKfinalAPPUITests.xctest */ = {isa = PBXFileReference; explicitFileType = wrapper.cfbundle; includeInIndex = 0; path = KWKfinalAPPUITests.xctest; sourceTree = BUILT_PRODUCTS_DIR; };
		D399F0B626B9CA5100F852D6 /* KWKfinalAPPUITests.swift */ = {isa = PBXFileReference; lastKnownFileType = sourcecode.swift; path = KWKfinalAPPUITests.swift; sourceTree = "<group>"; };
		D399F0B826B9CA5100F852D6 /* Info.plist */ = {isa = PBXFileReference; lastKnownFileType = text.plist.xml; path = Info.plist; sourceTree = "<group>"; };
/* End PBXFileReference section */

/* Begin PBXFrameworksBuildPhase section */
		D399F08B26B9CA4D00F852D6 /* Frameworks */ = {
			isa = PBXFrameworksBuildPhase;
			buildActionMask = 2147483647;
			files = (
			);
			runOnlyForDeploymentPostprocessing = 0;
		};
		D399F0A426B9CA5000F852D6 /* Frameworks */ = {
			isa = PBXFrameworksBuildPhase;
			buildActionMask = 2147483647;
			files = (
			);
			runOnlyForDeploymentPostprocessing = 0;
		};
		D399F0AF26B9CA5100F852D6 /* Frameworks */ = {
			isa = PBXFrameworksBuildPhase;
			buildActionMask = 2147483647;
			files = (
			);
			runOnlyForDeploymentPostprocessing = 0;
		};
/* End PBXFrameworksBuildPhase section */

/* Begin PBXGroup section */
		D399F08526B9CA4D00F852D6 = {
			isa = PBXGroup;
			children = (
				D399F09026B9CA4D00F852D6 /* KWKfinalAPP */,
				D399F0AA26B9CA5000F852D6 /* KWKfinalAPPTests */,
				D399F0B526B9CA5100F852D6 /* KWKfinalAPPUITests */,
				D399F08F26B9CA4D00F852D6 /* Products */,
			);
			sourceTree = "<group>";
		};
		D399F08F26B9CA4D00F852D6 /* Products */ = {
			isa = PBXGroup;
			children = (
				D399F08E26B9CA4D00F852D6 /* KWKfinalAPP.app */,
				D399F0A726B9CA5000F852D6 /* KWKfinalAPPTests.xctest */,
				D399F0B226B9CA5100F852D6 /* KWKfinalAPPUITests.xctest */,
			);
			name = Products;
			sourceTree = "<group>";
		};
		D399F09026B9CA4D00F852D6 /* KWKfinalAPP */ = {
			isa = PBXGroup;
			children = (
				D399F09126B9CA4D00F852D6 /* AppDelegate.swift */,
				D399F09326B9CA4D00F852D6 /* SceneDelegate.swift */,
				D399F09526B9CA4D00F852D6 /* ViewController.swift */,
				D399F09726B9CA4D00F852D6 /* Main.storyboard */,
				D399F09D26B9CA5000F852D6 /* Assets.xcassets */,
				D399F09F26B9CA5000F852D6 /* LaunchScreen.storyboard */,
				D399F0A226B9CA5000F852D6 /* Info.plist */,
				D399F09A26B9CA4D00F852D6 /* KWKfinalAPP.xcdatamodeld */,
				1940F27D26BB65500099C0A4 /* LearnFirstViewController.swift */,
				1940F27F26BB659A0099C0A4 /* LearnSecondViewController.swift */,
				1940F28126BB65B10099C0A4 /* LearnThirdViewController.swift */,
				1940F28326BB65C60099C0A4 /* LearnFourthViewController.swift */,
				1940F28526BB65DC0099C0A4 /* LearnFifthViewController.swift */,
				1922A6EF26BC3D7300A03CC0 /* ConnectViewController.swift */,
				1922A6F126BC3DB500A03CC0 /* RelaxViewController.swift */,
				1922A6F326BC3DE900A03CC0 /* LearnViewController.swift */,
			);
			path = KWKfinalAPP;
			sourceTree = "<group>";
		};
		D399F0AA26B9CA5000F852D6 /* KWKfinalAPPTests */ = {
			isa = PBXGroup;
			children = (
				D399F0AB26B9CA5000F852D6 /* KWKfinalAPPTests.swift */,
				D399F0AD26B9CA5000F852D6 /* Info.plist */,
			);
			path = KWKfinalAPPTests;
			sourceTree = "<group>";
		};
		D399F0B526B9CA5100F852D6 /* KWKfinalAPPUITests */ = {
			isa = PBXGroup;
			children = (
				D399F0B626B9CA5100F852D6 /* KWKfinalAPPUITests.swift */,
				D399F0B826B9CA5100F852D6 /* Info.plist */,
			);
			path = KWKfinalAPPUITests;
			sourceTree = "<group>";
		};
/* End PBXGroup section */

/* Begin PBXNativeTarget section */
		D399F08D26B9CA4D00F852D6 /* KWKfinalAPP */ = {
			isa = PBXNativeTarget;
			buildConfigurationList = D399F0BB26B9CA5100F852D6 /* Build configuration list for PBXNativeTarget "KWKfinalAPP" */;
			buildPhases = (
				D399F08A26B9CA4D00F852D6 /* Sources */,
				D399F08B26B9CA4D00F852D6 /* Frameworks */,
				D399F08C26B9CA4D00F852D6 /* Resources */,
			);
			buildRules = (
			);
			dependencies = (
			);
			name = KWKfinalAPP;
			productName = KWKfinalAPP;
			productReference = D399F08E26B9CA4D00F852D6 /* KWKfinalAPP.app */;
			productType = "com.apple.product-type.application";
		};
		D399F0A626B9CA5000F852D6 /* KWKfinalAPPTests */ = {
			isa = PBXNativeTarget;
			buildConfigurationList = D399F0BE26B9CA5100F852D6 /* Build configuration list for PBXNativeTarget "KWKfinalAPPTests" */;
			buildPhases = (
				D399F0A326B9CA5000F852D6 /* Sources */,
				D399F0A426B9CA5000F852D6 /* Frameworks */,
				D399F0A526B9CA5000F852D6 /* Resources */,
			);
			buildRules = (
			);
			dependencies = (
				D399F0A926B9CA5000F852D6 /* PBXTargetDependency */,
			);
			name = KWKfinalAPPTests;
			productName = KWKfinalAPPTests;
			productReference = D399F0A726B9CA5000F852D6 /* KWKfinalAPPTests.xctest */;
			productType = "com.apple.product-type.bundle.unit-test";
		};
		D399F0B126B9CA5100F852D6 /* KWKfinalAPPUITests */ = {
			isa = PBXNativeTarget;
			buildConfigurationList = D399F0C126B9CA5100F852D6 /* Build configuration list for PBXNativeTarget "KWKfinalAPPUITests" */;
			buildPhases = (
				D399F0AE26B9CA5100F852D6 /* Sources */,
				D399F0AF26B9CA5100F852D6 /* Frameworks */,
				D399F0B026B9CA5100F852D6 /* Resources */,
			);
			buildRules = (
			);
			dependencies = (
				D399F0B426B9CA5100F852D6 /* PBXTargetDependency */,
			);
			name = KWKfinalAPPUITests;
			productName = KWKfinalAPPUITests;
			productReference = D399F0B226B9CA5100F852D6 /* KWKfinalAPPUITests.xctest */;
			productType = "com.apple.product-type.bundle.ui-testing";
		};
/* End PBXNativeTarget section */

/* Begin PBXProject section */
		D399F08626B9CA4D00F852D6 /* Project object */ = {
			isa = PBXProject;
			attributes = {
				LastSwiftUpdateCheck = 1250;
				LastUpgradeCheck = 1250;
				TargetAttributes = {
					D399F08D26B9CA4D00F852D6 = {
						CreatedOnToolsVersion = 12.5.1;
					};
					D399F0A626B9CA5000F852D6 = {
						CreatedOnToolsVersion = 12.5.1;
						TestTargetID = D399F08D26B9CA4D00F852D6;
					};
					D399F0B126B9CA5100F852D6 = {
						CreatedOnToolsVersion = 12.5.1;
						TestTargetID = D399F08D26B9CA4D00F852D6;
					};
				};
			};
			buildConfigurationList = D399F08926B9CA4D00F852D6 /* Build configuration list for PBXProject "KWKfinalAPP" */;
			compatibilityVersion = "Xcode 9.3";
			developmentRegion = en;
			hasScannedForEncodings = 0;
			knownRegions = (
				en,
				Base,
			);
			mainGroup = D399F08526B9CA4D00F852D6;
			productRefGroup = D399F08F26B9CA4D00F852D6 /* Products */;
			projectDirPath = "";
			projectRoot = "";
			targets = (
				D399F08D26B9CA4D00F852D6 /* KWKfinalAPP */,
				D399F0A626B9CA5000F852D6 /* KWKfinalAPPTests */,
				D399F0B126B9CA5100F852D6 /* KWKfinalAPPUITests */,
			);
		};
/* End PBXProject section */

/* Begin PBXResourcesBuildPhase section */
		D399F08C26B9CA4D00F852D6 /* Resources */ = {
			isa = PBXResourcesBuildPhase;
			buildActionMask = 2147483647;
			files = (
				D399F0A126B9CA5000F852D6 /* LaunchScreen.storyboard in Resources */,
				D399F09E26B9CA5000F852D6 /* Assets.xcassets in Resources */,
				D399F09926B9CA4D00F852D6 /* Main.storyboard in Resources */,
			);
			runOnlyForDeploymentPostprocessing = 0;
		};
		D399F0A526B9CA5000F852D6 /* Resources */ = {
			isa = PBXResourcesBuildPhase;
			buildActionMask = 2147483647;
			files = (
			);
			runOnlyForDeploymentPostprocessing = 0;
		};
		D399F0B026B9CA5100F852D6 /* Resources */ = {
			isa = PBXResourcesBuildPhase;
			buildActionMask = 2147483647;
			files = (
			);
			runOnlyForDeploymentPostprocessing = 0;
		};
/* End PBXResourcesBuildPhase section */

/* Begin PBXSourcesBuildPhase section */
		D399F08A26B9CA4D00F852D6 /* Sources */ = {
			isa = PBXSourcesBuildPhase;
			buildActionMask = 2147483647;
			files = (
				1940F28626BB65DC0099C0A4 /* LearnFifthViewController.swift in Sources */,
				1940F28226BB65B10099C0A4 /* LearnThirdViewController.swift in Sources */,
				D399F09C26B9CA4D00F852D6 /* KWKfinalAPP.xcdatamodeld in Sources */,
				1940F28026BB659A0099C0A4 /* LearnSecondViewController.swift in Sources */,
				1940F28426BB65C60099C0A4 /* LearnFourthViewController.swift in Sources */,
				1922A6F426BC3DE900A03CC0 /* LearnViewController.swift in Sources */,
				1922A6F026BC3D7300A03CC0 /* ConnectViewController.swift in Sources */,
				1940F27E26BB65500099C0A4 /* LearnFirstViewController.swift in Sources */,
				D399F09626B9CA4D00F852D6 /* ViewController.swift in Sources */,
				D399F09226B9CA4D00F852D6 /* AppDelegate.swift in Sources */,
				1922A6F226BC3DB500A03CC0 /* RelaxViewController.swift in Sources */,
				D399F09426B9CA4D00F852D6 /* SceneDelegate.swift in Sources */,
			);
			runOnlyForDeploymentPostprocessing = 0;
		};
		D399F0A326B9CA5000F852D6 /* Sources */ = {
			isa = PBXSourcesBuildPhase;
			buildActionMask = 2147483647;
			files = (
				D399F0AC26B9CA5000F852D6 /* KWKfinalAPPTests.swift in Sources */,
			);
			runOnlyForDeploymentPostprocessing = 0;
		};
		D399F0AE26B9CA5100F852D6 /* Sources */ = {
			isa = PBXSourcesBuildPhase;
			buildActionMask = 2147483647;
			files = (
				D399F0B726B9CA5100F852D6 /* KWKfinalAPPUITests.swift in Sources */,
			);
			runOnlyForDeploymentPostprocessing = 0;
		};
/* End PBXSourcesBuildPhase section */

/* Begin PBXTargetDependency section */
		D399F0A926B9CA5000F852D6 /* PBXTargetDependency */ = {
			isa = PBXTargetDependency;
			target = D399F08D26B9CA4D00F852D6 /* KWKfinalAPP */;
			targetProxy = D399F0A826B9CA5000F852D6 /* PBXContainerItemProxy */;
		};
		D399F0B426B9CA5100F852D6 /* PBXTargetDependency */ = {
			isa = PBXTargetDependency;
			target = D399F08D26B9CA4D00F852D6 /* KWKfinalAPP */;
			targetProxy = D399F0B326B9CA5100F852D6 /* PBXContainerItemProxy */;
		};
/* End PBXTargetDependency section */

/* Begin PBXVariantGroup section */
		D399F09726B9CA4D00F852D6 /* Main.storyboard */ = {
			isa = PBXVariantGroup;
			children = (
				D399F09826B9CA4D00F852D6 /* Base */,
			);
			name = Main.storyboard;
			sourceTree = "<group>";
		};
		D399F09F26B9CA5000F852D6 /* LaunchScreen.storyboard */ = {
			isa = PBXVariantGroup;
			children = (
				D399F0A026B9CA5000F852D6 /* Base */,
			);
			name = LaunchScreen.storyboard;
			sourceTree = "<group>";
		};
/* End PBXVariantGroup section */

/* Begin XCBuildConfiguration section */
		D399F0B926B9CA5100F852D6 /* Debug */ = {
			isa = XCBuildConfiguration;
			buildSettings = {
				ALWAYS_SEARCH_USER_PATHS = NO;
				CLANG_ANALYZER_NONNULL = YES;
				CLANG_ANALYZER_NUMBER_OBJECT_CONVERSION = YES_AGGRESSIVE;
				CLANG_CXX_LANGUAGE_STANDARD = "gnu++14";
				CLANG_CXX_LIBRARY = "libc++";
				CLANG_ENABLE_MODULES = YES;
				CLANG_ENABLE_OBJC_ARC = YES;
				CLANG_ENABLE_OBJC_WEAK = YES;
				CLANG_WARN_BLOCK_CAPTURE_AUTORELEASING = YES;
				CLANG_WARN_BOOL_CONVERSION = YES;
				CLANG_WARN_COMMA = YES;
				CLANG_WARN_CONSTANT_CONVERSION = YES;
				CLANG_WARN_DEPRECATED_OBJC_IMPLEMENTATIONS = YES;
				CLANG_WARN_DIRECT_OBJC_ISA_USAGE = YES_ERROR;
				CLANG_WARN_DOCUMENTATION_COMMENTS = YES;
				CLANG_WARN_EMPTY_BODY = YES;
				CLANG_WARN_ENUM_CONVERSION = YES;
				CLANG_WARN_INFINITE_RECURSION = YES;
				CLANG_WARN_INT_CONVERSION = YES;
				CLANG_WARN_NON_LITERAL_NULL_CONVERSION = YES;
				CLANG_WARN_OBJC_IMPLICIT_RETAIN_SELF = YES;
				CLANG_WARN_OBJC_LITERAL_CONVERSION = YES;
				CLANG_WARN_OBJC_ROOT_CLASS = YES_ERROR;
				CLANG_WARN_QUOTED_INCLUDE_IN_FRAMEWORK_HEADER = YES;
				CLANG_WARN_RANGE_LOOP_ANALYSIS = YES;
				CLANG_WARN_STRICT_PROTOTYPES = YES;
				CLANG_WARN_SUSPICIOUS_MOVE = YES;
				CLANG_WARN_UNGUARDED_AVAILABILITY = YES_AGGRESSIVE;
				CLANG_WARN_UNREACHABLE_CODE = YES;
				CLANG_WARN__DUPLICATE_METHOD_MATCH = YES;
				COPY_PHASE_STRIP = NO;
				DEBUG_INFORMATION_FORMAT = dwarf;
				ENABLE_STRICT_OBJC_MSGSEND = YES;
				ENABLE_TESTABILITY = YES;
				GCC_C_LANGUAGE_STANDARD = gnu11;
				GCC_DYNAMIC_NO_PIC = NO;
				GCC_NO_COMMON_BLOCKS = YES;
				GCC_OPTIMIZATION_LEVEL = 0;
				GCC_PREPROCESSOR_DEFINITIONS = (
					"DEBUG=1",
					"$(inherited)",
				);
				GCC_WARN_64_TO_32_BIT_CONVERSION = YES;
				GCC_WARN_ABOUT_RETURN_TYPE = YES_ERROR;
				GCC_WARN_UNDECLARED_SELECTOR = YES;
				GCC_WARN_UNINITIALIZED_AUTOS = YES_AGGRESSIVE;
				GCC_WARN_UNUSED_FUNCTION = YES;
				GCC_WARN_UNUSED_VARIABLE = YES;
				IPHONEOS_DEPLOYMENT_TARGET = 14.5;
				MTL_ENABLE_DEBUG_INFO = INCLUDE_SOURCE;
				MTL_FAST_MATH = YES;
				ONLY_ACTIVE_ARCH = YES;
				SDKROOT = iphoneos;
				SWIFT_ACTIVE_COMPILATION_CONDITIONS = DEBUG;
				SWIFT_OPTIMIZATION_LEVEL = "-Onone";
			};
			name = Debug;
		};
		D399F0BA26B9CA5100F852D6 /* Release */ = {
			isa = XCBuildConfiguration;
			buildSettings = {
				ALWAYS_SEARCH_USER_PATHS = NO;
				CLANG_ANALYZER_NONNULL = YES;
				CLANG_ANALYZER_NUMBER_OBJECT_CONVERSION = YES_AGGRESSIVE;
				CLANG_CXX_LANGUAGE_STANDARD = "gnu++14";
				CLANG_CXX_LIBRARY = "libc++";
				CLANG_ENABLE_MODULES = YES;
				CLANG_ENABLE_OBJC_ARC = YES;
				CLANG_ENABLE_OBJC_WEAK = YES;
				CLANG_WARN_BLOCK_CAPTURE_AUTORELEASING = YES;
				CLANG_WARN_BOOL_CONVERSION = YES;
				CLANG_WARN_COMMA = YES;
				CLANG_WARN_CONSTANT_CONVERSION = YES;
				CLANG_WARN_DEPRECATED_OBJC_IMPLEMENTATIONS = YES;
				CLANG_WARN_DIRECT_OBJC_ISA_USAGE = YES_ERROR;
				CLANG_WARN_DOCUMENTATION_COMMENTS = YES;
				CLANG_WARN_EMPTY_BODY = YES;
				CLANG_WARN_ENUM_CONVERSION = YES;
				CLANG_WARN_INFINITE_RECURSION = YES;
				CLANG_WARN_INT_CONVERSION = YES;
				CLANG_WARN_NON_LITERAL_NULL_CONVERSION = YES;
				CLANG_WARN_OBJC_IMPLICIT_RETAIN_SELF = YES;
				CLANG_WARN_OBJC_LITERAL_CONVERSION = YES;
				CLANG_WARN_OBJC_ROOT_CLASS = YES_ERROR;
				CLANG_WARN_QUOTED_INCLUDE_IN_FRAMEWORK_HEADER = YES;
				CLANG_WARN_RANGE_LOOP_ANALYSIS = YES;
				CLANG_WARN_STRICT_PROTOTYPES = YES;
				CLANG_WARN_SUSPICIOUS_MOVE = YES;
				CLANG_WARN_UNGUARDED_AVAILABILITY = YES_AGGRESSIVE;
				CLANG_WARN_UNREACHABLE_CODE = YES;
				CLANG_WARN__DUPLICATE_METHOD_MATCH = YES;
				COPY_PHASE_STRIP = NO;
				DEBUG_INFORMATION_FORMAT = "dwarf-with-dsym";
				ENABLE_NS_ASSERTIONS = NO;
				ENABLE_STRICT_OBJC_MSGSEND = YES;
				GCC_C_LANGUAGE_STANDARD = gnu11;
				GCC_NO_COMMON_BLOCKS = YES;
				GCC_WARN_64_TO_32_BIT_CONVERSION = YES;
				GCC_WARN_ABOUT_RETURN_TYPE = YES_ERROR;
				GCC_WARN_UNDECLARED_SELECTOR = YES;
				GCC_WARN_UNINITIALIZED_AUTOS = YES_AGGRESSIVE;
				GCC_WARN_UNUSED_FUNCTION = YES;
				GCC_WARN_UNUSED_VARIABLE = YES;
				IPHONEOS_DEPLOYMENT_TARGET = 14.5;
				MTL_ENABLE_DEBUG_INFO = NO;
				MTL_FAST_MATH = YES;
				SDKROOT = iphoneos;
				SWIFT_COMPILATION_MODE = wholemodule;
				SWIFT_OPTIMIZATION_LEVEL = "-O";
				VALIDATE_PRODUCT = YES;
			};
			name = Release;
		};
		D399F0BC26B9CA5100F852D6 /* Debug */ = {
			isa = XCBuildConfiguration;
			buildSettings = {
				ASSETCATALOG_COMPILER_APPICON_NAME = AppIcon;
				ASSETCATALOG_COMPILER_GLOBAL_ACCENT_COLOR_NAME = AccentColor;
				CODE_SIGN_STYLE = Automatic;
				DEVELOPMENT_TEAM = 2R4W2KW6NU;
				INFOPLIST_FILE = KWKfinalAPP/Info.plist;
				LD_RUNPATH_SEARCH_PATHS = (
					"$(inherited)",
					"@executable_path/Frameworks",
				);
				PRODUCT_BUNDLE_IDENTIFIER = vidyabharadwaj.KWKfinalAPP;
				PRODUCT_NAME = "$(TARGET_NAME)";
				SWIFT_VERSION = 5.0;
				TARGETED_DEVICE_FAMILY = "1,2";
			};
			name = Debug;
		};
		D399F0BD26B9CA5100F852D6 /* Release */ = {
			isa = XCBuildConfiguration;
			buildSettings = {
				ASSETCATALOG_COMPILER_APPICON_NAME = AppIcon;
				ASSETCATALOG_COMPILER_GLOBAL_ACCENT_COLOR_NAME = AccentColor;
				CODE_SIGN_STYLE = Automatic;
				DEVELOPMENT_TEAM = 2R4W2KW6NU;
				INFOPLIST_FILE = KWKfinalAPP/Info.plist;
				LD_RUNPATH_SEARCH_PATHS = (
					"$(inherited)",
					"@executable_path/Frameworks",
				);
				PRODUCT_BUNDLE_IDENTIFIER = vidyabharadwaj.KWKfinalAPP;
				PRODUCT_NAME = "$(TARGET_NAME)";
				SWIFT_VERSION = 5.0;
				TARGETED_DEVICE_FAMILY = "1,2";
			};
			name = Release;
		};
		D399F0BF26B9CA5100F852D6 /* Debug */ = {
			isa = XCBuildConfiguration;
			buildSettings = {
				ALWAYS_EMBED_SWIFT_STANDARD_LIBRARIES = YES;
				BUNDLE_LOADER = "$(TEST_HOST)";
				CODE_SIGN_STYLE = Automatic;
				DEVELOPMENT_TEAM = 2R4W2KW6NU;
				INFOPLIST_FILE = KWKfinalAPPTests/Info.plist;
				IPHONEOS_DEPLOYMENT_TARGET = 14.5;
				LD_RUNPATH_SEARCH_PATHS = (
					"$(inherited)",
					"@executable_path/Frameworks",
					"@loader_path/Frameworks",
				);
				PRODUCT_BUNDLE_IDENTIFIER = vidyabharadwaj.KWKfinalAPPTests;
				PRODUCT_NAME = "$(TARGET_NAME)";
				SWIFT_VERSION = 5.0;
				TARGETED_DEVICE_FAMILY = "1,2";
				TEST_HOST = "$(BUILT_PRODUCTS_DIR)/KWKfinalAPP.app/KWKfinalAPP";
			};
			name = Debug;
		};
		D399F0C026B9CA5100F852D6 /* Release */ = {
			isa = XCBuildConfiguration;
			buildSettings = {
				ALWAYS_EMBED_SWIFT_STANDARD_LIBRARIES = YES;
				BUNDLE_LOADER = "$(TEST_HOST)";
				CODE_SIGN_STYLE = Automatic;
				DEVELOPMENT_TEAM = 2R4W2KW6NU;
				INFOPLIST_FILE = KWKfinalAPPTests/Info.plist;
				IPHONEOS_DEPLOYMENT_TARGET = 14.5;
				LD_RUNPATH_SEARCH_PATHS = (
					"$(inherited)",
					"@executable_path/Frameworks",
					"@loader_path/Frameworks",
				);
				PRODUCT_BUNDLE_IDENTIFIER = vidyabharadwaj.KWKfinalAPPTests;
				PRODUCT_NAME = "$(TARGET_NAME)";
				SWIFT_VERSION = 5.0;
				TARGETED_DEVICE_FAMILY = "1,2";
				TEST_HOST = "$(BUILT_PRODUCTS_DIR)/KWKfinalAPP.app/KWKfinalAPP";
			};
			name = Release;
		};
		D399F0C226B9CA5100F852D6 /* Debug */ = {
			isa = XCBuildConfiguration;
			buildSettings = {
				ALWAYS_EMBED_SWIFT_STANDARD_LIBRARIES = YES;
				CODE_SIGN_STYLE = Automatic;
				DEVELOPMENT_TEAM = 2R4W2KW6NU;
				INFOPLIST_FILE = KWKfinalAPPUITests/Info.plist;
				LD_RUNPATH_SEARCH_PATHS = (
					"$(inherited)",
					"@executable_path/Frameworks",
					"@loader_path/Frameworks",
				);
				PRODUCT_BUNDLE_IDENTIFIER = vidyabharadwaj.KWKfinalAPPUITests;
				PRODUCT_NAME = "$(TARGET_NAME)";
				SWIFT_VERSION = 5.0;
				TARGETED_DEVICE_FAMILY = "1,2";
				TEST_TARGET_NAME = KWKfinalAPP;
			};
			name = Debug;
		};
		D399F0C326B9CA5100F852D6 /* Release */ = {
			isa = XCBuildConfiguration;
			buildSettings = {
				ALWAYS_EMBED_SWIFT_STANDARD_LIBRARIES = YES;
				CODE_SIGN_STYLE = Automatic;
				DEVELOPMENT_TEAM = 2R4W2KW6NU;
				INFOPLIST_FILE = KWKfinalAPPUITests/Info.plist;
				LD_RUNPATH_SEARCH_PATHS = (
					"$(inherited)",
					"@executable_path/Frameworks",
					"@loader_path/Frameworks",
				);
				PRODUCT_BUNDLE_IDENTIFIER = vidyabharadwaj.KWKfinalAPPUITests;
				PRODUCT_NAME = "$(TARGET_NAME)";
				SWIFT_VERSION = 5.0;
				TARGETED_DEVICE_FAMILY = "1,2";
				TEST_TARGET_NAME = KWKfinalAPP;
			};
			name = Release;
		};
/* End XCBuildConfiguration section */

/* Begin XCConfigurationList section */
		D399F08926B9CA4D00F852D6 /* Build configuration list for PBXProject "KWKfinalAPP" */ = {
			isa = XCConfigurationList;
			buildConfigurations = (
				D399F0B926B9CA5100F852D6 /* Debug */,
				D399F0BA26B9CA5100F852D6 /* Release */,
			);
			defaultConfigurationIsVisible = 0;
			defaultConfigurationName = Release;
		};
		D399F0BB26B9CA5100F852D6 /* Build configuration list for PBXNativeTarget "KWKfinalAPP" */ = {
			isa = XCConfigurationList;
			buildConfigurations = (
				D399F0BC26B9CA5100F852D6 /* Debug */,
				D399F0BD26B9CA5100F852D6 /* Release */,
			);
			defaultConfigurationIsVisible = 0;
			defaultConfigurationName = Release;
		};
		D399F0BE26B9CA5100F852D6 /* Build configuration list for PBXNativeTarget "KWKfinalAPPTests" */ = {
			isa = XCConfigurationList;
			buildConfigurations = (
				D399F0BF26B9CA5100F852D6 /* Debug */,
				D399F0C026B9CA5100F852D6 /* Release */,
			);
			defaultConfigurationIsVisible = 0;
			defaultConfigurationName = Release;
		};
		D399F0C126B9CA5100F852D6 /* Build configuration list for PBXNativeTarget "KWKfinalAPPUITests" */ = {
			isa = XCConfigurationList;
			buildConfigurations = (
				D399F0C226B9CA5100F852D6 /* Debug */,
				D399F0C326B9CA5100F852D6 /* Release */,
			);
			defaultConfigurationIsVisible = 0;
			defaultConfigurationName = Release;
		};
/* End XCConfigurationList section */

/* Begin XCVersionGroup section */
		D399F09A26B9CA4D00F852D6 /* KWKfinalAPP.xcdatamodeld */ = {
			isa = XCVersionGroup;
			children = (
				D399F09B26B9CA4D00F852D6 /* KWKfinalAPP.xcdatamodel */,
			);
			currentVersion = D399F09B26B9CA4D00F852D6 /* KWKfinalAPP.xcdatamodel */;
			path = KWKfinalAPP.xcdatamodeld;
			sourceTree = "<group>";
			versionGroupType = wrapper.xcdatamodel;
		};
/* End XCVersionGroup section */
	};
	rootObject = D399F08626B9CA4D00F852D6 /* Project object */;
}
